PODS:
  - AFNetworking (4.0.1):
    - AFNetworking/NSURLSession (= 4.0.1)
    - AFNetworking/Reachability (= 4.0.1)
    - AFNetworking/Security (= 4.0.1)
    - AFNetworking/Serialization (= 4.0.1)
    - AFNetworking/UIKit (= 4.0.1)
  - AFNetworking/NSURLSession (4.0.1):
    - AFNetworking/Reachability
    - AFNetworking/Security
    - AFNetworking/Serialization
  - AFNetworking/Reachability (4.0.1)
  - AFNetworking/Security (4.0.1)
  - AFNetworking/Serialization (4.0.1)
  - AFNetworking/UIKit (4.0.1):
    - AFNetworking/NSURLSession
  - IGListDiffKit (4.0.0)
  - IGListKit (4.0.0):
    - IGListDiffKit (= 4.0.0)
  - KSCrash (1.15.24):
    - KSCrash/Installations (= 1.15.24)
  - KSCrash/Installations (1.15.24):
    - KSCrash/Recording
    - KSCrash/Reporting
  - KSCrash/Recording (1.15.24):
    - KSCrash/Recording/Tools (= 1.15.24)
  - KSCrash/Recording/Tools (1.15.24)
  - KSCrash/Reporting (1.15.24):
    - KSCrash/Recording
    - KSCrash/Reporting/Filters (= 1.15.24)
    - KSCrash/Reporting/MessageUI (= 1.15.24)
    - KSCrash/Reporting/Sinks (= 1.15.24)
    - KSCrash/Reporting/Tools (= 1.15.24)
  - KSCrash/Reporting/Filters (1.15.24):
    - KSCrash/Recording
    - KSCrash/Reporting/Filters/Alert (= 1.15.24)
    - KSCrash/Reporting/Filters/AppleFmt (= 1.15.24)
    - KSCrash/Reporting/Filters/Base (= 1.15.24)
    - KSCrash/Reporting/Filters/Basic (= 1.15.24)
    - KSCrash/Reporting/Filters/GZip (= 1.15.24)
    - KSCrash/Reporting/Filters/JSON (= 1.15.24)
    - KSCrash/Reporting/Filters/Sets (= 1.15.24)
    - KSCrash/Reporting/Filters/Stringify (= 1.15.24)
    - KSCrash/Reporting/Filters/Tools (= 1.15.24)
  - KSCrash/Reporting/Filters/Alert (1.15.24):
    - KSCrash/Recording
    - KSCrash/Reporting/Filters/Base
  - KSCrash/Reporting/Filters/AppleFmt (1.15.24):
    - KSCrash/Recording
    - KSCrash/Reporting/Filters/Base
  - KSCrash/Reporting/Filters/Base (1.15.24):
    - KSCrash/Recording
  - KSCrash/Reporting/Filters/Basic (1.15.24):
    - KSCrash/Recording
    - KSCrash/Reporting/Filters/Base
  - KSCrash/Reporting/Filters/GZip (1.15.24):
    - KSCrash/Recording
    - KSCrash/Reporting/Filters/Base
  - KSCrash/Reporting/Filters/JSON (1.15.24):
    - KSCrash/Recording
    - KSCrash/Reporting/Filters/Base
  - KSCrash/Reporting/Filters/Sets (1.15.24):
    - KSCrash/Recording
    - KSCrash/Reporting/Filters/AppleFmt
    - KSCrash/Reporting/Filters/Base
    - KSCrash/Reporting/Filters/Basic
    - KSCrash/Reporting/Filters/GZip
    - KSCrash/Reporting/Filters/JSON
    - KSCrash/Reporting/Filters/Stringify
  - KSCrash/Reporting/Filters/Stringify (1.15.24):
    - KSCrash/Recording
    - KSCrash/Reporting/Filters/Base
  - KSCrash/Reporting/Filters/Tools (1.15.24):
    - KSCrash/Recording
  - KSCrash/Reporting/MessageUI (1.15.24):
    - KSCrash/Recording
  - KSCrash/Reporting/Sinks (1.15.24):
    - KSCrash/Recording
    - KSCrash/Reporting/Filters
    - KSCrash/Reporting/Tools
  - KSCrash/Reporting/Tools (1.15.24):
    - KSCrash/Recording
  - Masonry (1.1.0)
  - MJExtension (3.2.4)
  - SDWebImage (5.11.1):
    - SDWebImage/Core (= 5.11.1)
  - SDWebImage/Core (5.11.1)
  - YYCache (1.0.4)
  - YYImage (1.0.4):
    - YYImage/Core (= 1.0.4)
  - YYImage/Core (1.0.4)
  - YYModel (1.0.4)
  - YYText (1.0.7)

DEPENDENCIES:
  - AFNetworking
  - IGListKit
  - KSCrash
  - Masonry
  - MJExtension
  - SDWebImage
  - YYCache
  - YYImage
  - YYModel
  - YYText

SPEC REPOS:
  trunk:
    - AFNetworking
    - IGListDiffKit
    - IGListKit
    - KSCrash
    - Masonry
    - MJExtension
    - SDWebImage
    - YYCache
    - YYImage
    - YYModel
    - YYText

SPEC CHECKSUMS:
  AFNetworking: 7864c38297c79aaca1500c33288e429c3451fdce
  IGListDiffKit: 665d6cf43ce726e676013db9c7d6c4294259b6b2
  IGListKit: fd5a5d21935298f5849fa49d426843cff97b77c7
  KSCrash: fd1cdf22ad8e4eedd2ad871d6b8994caa1cc3af0
  Masonry: 678fab65091a9290e40e2832a55e7ab731aad201
  MJExtension: 88e0900751b6cac8de1cf724ca9838a0b28d5acb
  SDWebImage: a7f831e1a65eb5e285e3fb046a23fcfbf08e696d
  YYCache: 8105b6638f5e849296c71f331ff83891a4942952
  YYImage: 1e1b62a9997399593e4b9c4ecfbbabbf1d3f3b54
  YYModel: 2a7fdd96aaa4b86a824e26d0c517de8928c04b30
  YYText: 5c461d709e24d55a182d1441c41dc639a18a4849

PODFILE CHECKSUM: e103313564c1b938959c6c829610cefb4c8907ec

COCOAPODS: 1.10.1
