// !$*UTF8*$!
{
	archiveVersion = 1;
	classes = {
	};
	objectVersion = 51;
	objects = {

/* Begin PBXBuildFile section */
		07AC1DFD07E256FBBB5C7AA8 /* libPods-app.a in Frameworks */ = {isa = PBXBuildFile; fileRef = AA2B535EAF41F8800F5DA8FF /* libPods-app.a */; };
		267B319C2CAC957914C7CBB8 /* TestObject0.m in Sources */ = {isa = PBXBuildFile; fileRef = 2AE5AA950BE897DCE7935984 /* TestObject0.m */; };
		DAD8761426523AD200B85AE6 /* AppDelegate.m in Sources */ = {isa = PBXBuildFile; fileRef = DAD8761326523AD200B85AE6 /* AppDelegate.m */; };
		DAD8761A26523AD200B85AE6 /* ViewController.m in Sources */ = {isa = PBXBuildFile; fileRef = DAD8761926523AD200B85AE6 /* ViewController.m */; };
		DAD8761D26523AD200B85AE6 /* Main.storyboard in Resources */ = {isa = PBXBuildFile; fileRef = DAD8761B26523AD200B85AE6 /* Main.storyboard */; };
		DAD8761F26523AD400B85AE6 /* Assets.xcassets in Resources */ = {isa = PBXBuildFile; fileRef = DAD8761E26523AD400B85AE6 /* Assets.xcassets */; };
		DAD8762226523AD400B85AE6 /* LaunchScreen.storyboard in Resources */ = {isa = PBXBuildFile; fileRef = DAD8762026523AD400B85AE6 /* LaunchScreen.storyboard */; };
		DAD8762526523AD400B85AE6 /* main.m in Sources */ = {isa = PBXBuildFile; fileRef = DAD8762426523AD400B85AE6 /* main.m */; };
/* End PBXBuildFile section */

/* Begin PBXFileReference section */
		2AE5AA950BE897DCE7935984 /* TestObject0.m */ = {isa = PBXFileReference; includeInIndex = 1; lastKnownFileType = sourcecode.c.objc; path = TestObject0.m; sourceTree = "<group>"; };
		4967911634C140B66A71E699 /* TestObject0.h */ = {isa = PBXFileReference; includeInIndex = 1; lastKnownFileType = sourcecode.c.h; path = TestObject0.h; sourceTree = "<group>"; };
		AA2B535EAF41F8800F5DA8FF /* libPods-app.a */ = {isa = PBXFileReference; explicitFileType = archive.ar; includeInIndex = 0; path = "libPods-app.a"; sourceTree = BUILT_PRODUCTS_DIR; };
		B1353B7CB5BB2B4E582BB1DE /* Pods-app.debug.xcconfig */ = {isa = PBXFileReference; includeInIndex = 1; lastKnownFileType = text.xcconfig; name = "Pods-app.debug.xcconfig"; path = "Target Support Files/Pods-app/Pods-app.debug.xcconfig"; sourceTree = "<group>"; };
		DAD8760F26523AD200B85AE6 /* app.app */ = {isa = PBXFileReference; explicitFileType = wrapper.application; includeInIndex = 0; path = app.app; sourceTree = BUILT_PRODUCTS_DIR; };
		DAD8761226523AD200B85AE6 /* AppDelegate.h */ = {isa = PBXFileReference; lastKnownFileType = sourcecode.c.h; path = AppDelegate.h; sourceTree = "<group>"; };
		DAD8761326523AD200B85AE6 /* AppDelegate.m */ = {isa = PBXFileReference; lastKnownFileType = sourcecode.c.objc; path = AppDelegate.m; sourceTree = "<group>"; };
		DAD8761826523AD200B85AE6 /* ViewController.h */ = {isa = PBXFileReference; lastKnownFileType = sourcecode.c.h; path = ViewController.h; sourceTree = "<group>"; };
		DAD8761926523AD200B85AE6 /* ViewController.m */ = {isa = PBXFileReference; lastKnownFileType = sourcecode.c.objc; path = ViewController.m; sourceTree = "<group>"; };
		DAD8761C26523AD200B85AE6 /* Base */ = {isa = PBXFileReference; lastKnownFileType = file.storyboard; name = Base; path = Base.lproj/Main.storyboard; sourceTree = "<group>"; };
		DAD8761E26523AD400B85AE6 /* Assets.xcassets */ = {isa = PBXFileReference; lastKnownFileType = folder.assetcatalog; path = Assets.xcassets; sourceTree = "<group>"; };
		DAD8762126523AD400B85AE6 /* Base */ = {isa = PBXFileReference; lastKnownFileType = file.storyboard; name = Base; path = Base.lproj/LaunchScreen.storyboard; sourceTree = "<group>"; };
		DAD8762326523AD400B85AE6 /* Info.plist */ = {isa = PBXFileReference; lastKnownFileType = text.plist.xml; path = Info.plist; sourceTree = "<group>"; };
		DAD8762426523AD400B85AE6 /* main.m */ = {isa = PBXFileReference; lastKnownFileType = sourcecode.c.objc; path = main.m; sourceTree = "<group>"; };
		F1D558B41F10FFD6CF0C027A /* Pods-app.release.xcconfig */ = {isa = PBXFileReference; includeInIndex = 1; lastKnownFileType = text.xcconfig; name = "Pods-app.release.xcconfig"; path = "Target Support Files/Pods-app/Pods-app.release.xcconfig"; sourceTree = "<group>"; };
/* End PBXFileReference section */

/* Begin PBXFrameworksBuildPhase section */
		DAD8760C26523AD200B85AE6 /* Frameworks */ = {
			isa = PBXFrameworksBuildPhase;
			buildActionMask = 2147483647;
			files = (
				07AC1DFD07E256FBBB5C7AA8 /* libPods-app.a in Frameworks */,
			);
			runOnlyForDeploymentPostprocessing = 0;
		};
/* End PBXFrameworksBuildPhase section */

/* Begin PBXGroup section */
		1DDB2AE170A26FA30F493F6C /* Pods */ = {
			isa = PBXGroup;
			children = (
				B1353B7CB5BB2B4E582BB1DE /* Pods-app.debug.xcconfig */,
				F1D558B41F10FFD6CF0C027A /* Pods-app.release.xcconfig */,
			);
			path = Pods;
			sourceTree = "<group>";
		};
		318F34563F7721753E91AB83 /* classes */ = {
			isa = PBXGroup;
			children = (
				4967911634C140B66A71E699 /* TestObject0.h */,
				2AE5AA950BE897DCE7935984 /* TestObject0.m */,
			);
			path = classes;
			sourceTree = "<group>";
		};
		604211164F645F4761F2E211 /* Frameworks */ = {
			isa = PBXGroup;
			children = (
				AA2B535EAF41F8800F5DA8FF /* libPods-app.a */,
			);
			name = Frameworks;
			sourceTree = "<group>";
		};
		DAD8760626523AD200B85AE6 = {
			isa = PBXGroup;
			children = (
				DAD8761126523AD200B85AE6 /* app */,
				DAD8761026523AD200B85AE6 /* Products */,
				1DDB2AE170A26FA30F493F6C /* Pods */,
				604211164F645F4761F2E211 /* Frameworks */,
			);
			sourceTree = "<group>";
		};
		DAD8761026523AD200B85AE6 /* Products */ = {
			isa = PBXGroup;
			children = (
				DAD8760F26523AD200B85AE6 /* app.app */,
			);
			name = Products;
			sourceTree = "<group>";
		};
		DAD8761126523AD200B85AE6 /* app */ = {
			isa = PBXGroup;
			children = (
				DAD8761226523AD200B85AE6 /* AppDelegate.h */,
				DAD8761326523AD200B85AE6 /* AppDelegate.m */,
				DAD8761826523AD200B85AE6 /* ViewController.h */,
				DAD8761926523AD200B85AE6 /* ViewController.m */,
				DAD8761B26523AD200B85AE6 /* Main.storyboard */,
				DAD8761E26523AD400B85AE6 /* Assets.xcassets */,
				DAD8762026523AD400B85AE6 /* LaunchScreen.storyboard */,
				DAD8762326523AD400B85AE6 /* Info.plist */,
				DAD8762426523AD400B85AE6 /* main.m */,
				318F34563F7721753E91AB83 /* classes */,
			);
			path = app;
			sourceTree = "<group>";
		};
/* End PBXGroup section */

/* Begin PBXNativeTarget section */
		DAD8760E26523AD200B85AE6 /* app */ = {
			isa = PBXNativeTarget;
			buildConfigurationList = DAD8762826523AD400B85AE6 /* Build configuration list for PBXNativeTarget "app" */;
			buildPhases = (
				65C32213F2D68CF0355EF03D /* [CP] Check Pods Manifest.lock */,
				DAD8760B26523AD200B85AE6 /* Sources */,
				DAD8760C26523AD200B85AE6 /* Frameworks */,
				DAD8760D26523AD200B85AE6 /* Resources */,
				8C9B7E4F6178482DA2C88ADE /* [CP] Copy Pods Resources */,
			);
			buildRules = (
			);
			dependencies = (
			);
			name = app;
			productName = app;
			productReference = DAD8760F26523AD200B85AE6 /* app.app */;
			productType = "com.apple.product-type.application";
		};
/* End PBXNativeTarget section */

/* Begin PBXProject section */
		DAD8760726523AD200B85AE6 /* Project object */ = {
			isa = PBXProject;
			attributes = {
				LastUpgradeCheck = 1220;
				TargetAttributes = {
					DAD8760E26523AD200B85AE6 = {
						CreatedOnToolsVersion = 12.2;
					};
				};
			};
			buildConfigurationList = DAD8760A26523AD200B85AE6 /* Build configuration list for PBXProject "app" */;
			compatibilityVersion = "Xcode 9.3";
			developmentRegion = en;
			hasScannedForEncodings = 0;
			knownRegions = (
				en,
				Base,
			);
			mainGroup = DAD8760626523AD200B85AE6;
			productRefGroup = DAD8761026523AD200B85AE6 /* Products */;
			projectDirPath = "";
			projectRoot = "";
			targets = (
				DAD8760E26523AD200B85AE6 /* app */,
			);
		};
/* End PBXProject section */

/* Begin PBXResourcesBuildPhase section */
		DAD8760D26523AD200B85AE6 /* Resources */ = {
			isa = PBXResourcesBuildPhase;
			buildActionMask = 2147483647;
			files = (
				DAD8762226523AD400B85AE6 /* LaunchScreen.storyboard in Resources */,
				DAD8761F26523AD400B85AE6 /* Assets.xcassets in Resources */,
				DAD8761D26523AD200B85AE6 /* Main.storyboard in Resources */,
			);
			runOnlyForDeploymentPostprocessing = 0;
		};
/* End PBXResourcesBuildPhase section */

/* Begin PBXShellScriptBuildPhase section */
		65C32213F2D68CF0355EF03D /* [CP] Check Pods Manifest.lock */ = {
			isa = PBXShellScriptBuildPhase;
			buildActionMask = 2147483647;
			files = (
			);
			inputFileListPaths = (
			);
			inputPaths = (
				"${PODS_PODFILE_DIR_PATH}/Podfile.lock",
				"${PODS_ROOT}/Manifest.lock",
			);
			name = "[CP] Check Pods Manifest.lock";
			outputFileListPaths = (
			);
			outputPaths = (
				"$(DERIVED_FILE_DIR)/Pods-app-checkManifestLockResult.txt",
			);
			runOnlyForDeploymentPostprocessing = 0;
			shellPath = /bin/sh;
			shellScript = "diff \"${PODS_PODFILE_DIR_PATH}/Podfile.lock\" \"${PODS_ROOT}/Manifest.lock\" > /dev/null\nif [ $? != 0 ] ; then\n    # print error to STDERR\n    echo \"error: The sandbox is not in sync with the Podfile.lock. Run 'pod install' or update your CocoaPods installation.\" >&2\n    exit 1\nfi\n# This output is used by Xcode 'outputs' to avoid re-running this script phase.\necho \"SUCCESS\" > \"${SCRIPT_OUTPUT_FILE_0}\"\n";
			showEnvVarsInLog = 0;
		};
		8C9B7E4F6178482DA2C88ADE /* [CP] Copy Pods Resources */ = {
			isa = PBXShellScriptBuildPhase;
			buildActionMask = 2147483647;
			files = (
			);
			inputFileListPaths = (
				"${PODS_ROOT}/Target Support Files/Pods-app/Pods-app-resources-${CONFIGURATION}-input-files.xcfilelist",
			);
			name = "[CP] Copy Pods Resources";
			outputFileListPaths = (
				"${PODS_ROOT}/Target Support Files/Pods-app/Pods-app-resources-${CONFIGURATION}-output-files.xcfilelist",
			);
			runOnlyForDeploymentPostprocessing = 0;
			shellPath = /bin/sh;
			shellScript = "\"${PODS_ROOT}/Target Support Files/Pods-app/Pods-app-resources.sh\"\n";
			showEnvVarsInLog = 0;
		};
/* End PBXShellScriptBuildPhase section */

/* Begin PBXSourcesBuildPhase section */
		DAD8760B26523AD200B85AE6 /* Sources */ = {
			isa = PBXSourcesBuildPhase;
			buildActionMask = 2147483647;
			files = (
				DAD8761A26523AD200B85AE6 /* ViewController.m in Sources */,
				DAD8761426523AD200B85AE6 /* AppDelegate.m in Sources */,
				DAD8762526523AD400B85AE6 /* main.m in Sources */,
				267B319C2CAC957914C7CBB8 /* TestObject0.m in Sources */,
			);
			runOnlyForDeploymentPostprocessing = 0;
		};
/* End PBXSourcesBuildPhase section */

/* Begin PBXVariantGroup section */
		DAD8761B26523AD200B85AE6 /* Main.storyboard */ = {
			isa = PBXVariantGroup;
			children = (
				DAD8761C26523AD200B85AE6 /* Base */,
			);
			name = Main.storyboard;
			sourceTree = "<group>";
		};
		DAD8762026523AD400B85AE6 /* LaunchScreen.storyboard */ = {
			isa = PBXVariantGroup;
			children = (
				DAD8762126523AD400B85AE6 /* Base */,
			);
			name = LaunchScreen.storyboard;
			sourceTree = "<group>";
		};
/* End PBXVariantGroup section */

/* Begin XCBuildConfiguration section */
		DAD8762626523AD400B85AE6 /* Debug */ = {
			isa = XCBuildConfiguration;
			buildSettings = {
				ALWAYS_SEARCH_USER_PATHS = NO;
				CC = /opt/llvm/llvm_xcode/Debug/bin/clang;
				CLANG_ANALYZER_NONNULL = YES;
				CLANG_ANALYZER_NUMBER_OBJECT_CONVERSION = YES_AGGRESSIVE;
				CLANG_CXX_LANGUAGE_STANDARD = "gnu++14";
				CLANG_CXX_LIBRARY = "libc++";
				CLANG_ENABLE_MODULES = YES;
				CLANG_ENABLE_OBJC_ARC = YES;
				CLANG_ENABLE_OBJC_WEAK = YES;
				CLANG_WARN_BLOCK_CAPTURE_AUTORELEASING = YES;
				CLANG_WARN_BOOL_CONVERSION = YES;
				CLANG_WARN_COMMA = YES;
				CLANG_WARN_CONSTANT_CONVERSION = YES;
				CLANG_WARN_DEPRECATED_OBJC_IMPLEMENTATIONS = YES;
				CLANG_WARN_DIRECT_OBJC_ISA_USAGE = YES_ERROR;
				CLANG_WARN_DOCUMENTATION_COMMENTS = YES;
				CLANG_WARN_EMPTY_BODY = YES;
				CLANG_WARN_ENUM_CONVERSION = YES;
				CLANG_WARN_INFINITE_RECURSION = YES;
				CLANG_WARN_INT_CONVERSION = YES;
				CLANG_WARN_NON_LITERAL_NULL_CONVERSION = YES;
				CLANG_WARN_OBJC_IMPLICIT_RETAIN_SELF = YES;
				CLANG_WARN_OBJC_LITERAL_CONVERSION = YES;
				CLANG_WARN_OBJC_ROOT_CLASS = YES_ERROR;
				CLANG_WARN_QUOTED_INCLUDE_IN_FRAMEWORK_HEADER = YES;
				CLANG_WARN_RANGE_LOOP_ANALYSIS = YES;
				CLANG_WARN_STRICT_PROTOTYPES = YES;
				CLANG_WARN_SUSPICIOUS_MOVE = YES;
				CLANG_WARN_UNGUARDED_AVAILABILITY = YES_AGGRESSIVE;
				CLANG_WARN_UNREACHABLE_CODE = YES;
				CLANG_WARN__DUPLICATE_METHOD_MATCH = YES;
				COMPILER_INDEX_STORE_ENABLE = NO;
				COPY_PHASE_STRIP = NO;
				CXX = "/opt/llvm/llvm_xcode/Debug/bin/clang++";
				DEBUG_INFORMATION_FORMAT = dwarf;
				ENABLE_STRICT_OBJC_MSGSEND = YES;
				ENABLE_TESTABILITY = YES;
				"EXCLUDED_ARCHS[sdk=iphonesimulator*]" = arm64;
				GCC_C_LANGUAGE_STANDARD = gnu11;
				GCC_DYNAMIC_NO_PIC = NO;
				GCC_NO_COMMON_BLOCKS = YES;
				GCC_OPTIMIZATION_LEVEL = 0;
				GCC_PREPROCESSOR_DEFINITIONS = (
					"DEBUG=1",
					"$(inherited)",
				);
				GCC_WARN_64_TO_32_BIT_CONVERSION = YES;
				GCC_WARN_ABOUT_RETURN_TYPE = YES_ERROR;
				GCC_WARN_UNDECLARED_SELECTOR = YES;
				GCC_WARN_UNINITIALIZED_AUTOS = YES_AGGRESSIVE;
				GCC_WARN_UNUSED_FUNCTION = YES;
				GCC_WARN_UNUSED_VARIABLE = YES;
				IPHONEOS_DEPLOYMENT_TARGET = 10.0;
				MTL_ENABLE_DEBUG_INFO = INCLUDE_SOURCE;
				MTL_FAST_MATH = YES;
				ONLY_ACTIVE_ARCH = YES;
				SDKROOT = iphoneos;
			};
			name = Debug;
		};
		DAD8762726523AD400B85AE6 /* Release */ = {
			isa = XCBuildConfiguration;
			buildSettings = {
				ALWAYS_SEARCH_USER_PATHS = NO;
				CC = /opt/llvm/llvm_xcode/Debug/bin/clang;
				CLANG_ANALYZER_NONNULL = YES;
				CLANG_ANALYZER_NUMBER_OBJECT_CONVERSION = YES_AGGRESSIVE;
				CLANG_CXX_LANGUAGE_STANDARD = "gnu++14";
				CLANG_CXX_LIBRARY = "libc++";
				CLANG_ENABLE_MODULES = YES;
				CLANG_ENABLE_OBJC_ARC = YES;
				CLANG_ENABLE_OBJC_WEAK = YES;
				CLANG_WARN_BLOCK_CAPTURE_AUTORELEASING = YES;
				CLANG_WARN_BOOL_CONVERSION = YES;
				CLANG_WARN_COMMA = YES;
				CLANG_WARN_CONSTANT_CONVERSION = YES;
				CLANG_WARN_DEPRECATED_OBJC_IMPLEMENTATIONS = YES;
				CLANG_WARN_DIRECT_OBJC_ISA_USAGE = YES_ERROR;
				CLANG_WARN_DOCUMENTATION_COMMENTS = YES;
				CLANG_WARN_EMPTY_BODY = YES;
				CLANG_WARN_ENUM_CONVERSION = YES;
				CLANG_WARN_INFINITE_RECURSION = YES;
				CLANG_WARN_INT_CONVERSION = YES;
				CLANG_WARN_NON_LITERAL_NULL_CONVERSION = YES;
				CLANG_WARN_OBJC_IMPLICIT_RETAIN_SELF = YES;
				CLANG_WARN_OBJC_LITERAL_CONVERSION = YES;
				CLANG_WARN_OBJC_ROOT_CLASS = YES_ERROR;
				CLANG_WARN_QUOTED_INCLUDE_IN_FRAMEWORK_HEADER = YES;
				CLANG_WARN_RANGE_LOOP_ANALYSIS = YES;
				CLANG_WARN_STRICT_PROTOTYPES = YES;
				CLANG_WARN_SUSPICIOUS_MOVE = YES;
				CLANG_WARN_UNGUARDED_AVAILABILITY = YES_AGGRESSIVE;
				CLANG_WARN_UNREACHABLE_CODE = YES;
				CLANG_WARN__DUPLICATE_METHOD_MATCH = YES;
				COMPILER_INDEX_STORE_ENABLE = NO;
				COPY_PHASE_STRIP = NO;
				CXX = "/opt/llvm/llvm_xcode/Debug/bin/clang++";
				DEBUG_INFORMATION_FORMAT = "dwarf-with-dsym";
				ENABLE_NS_ASSERTIONS = NO;
				ENABLE_STRICT_OBJC_MSGSEND = YES;
				"EXCLUDED_ARCHS[sdk=iphonesimulator*]" = arm64;
				GCC_C_LANGUAGE_STANDARD = gnu11;
				GCC_NO_COMMON_BLOCKS = YES;
				GCC_WARN_64_TO_32_BIT_CONVERSION = YES;
				GCC_WARN_ABOUT_RETURN_TYPE = YES_ERROR;
				GCC_WARN_UNDECLARED_SELECTOR = YES;
				GCC_WARN_UNINITIALIZED_AUTOS = YES_AGGRESSIVE;
				GCC_WARN_UNUSED_FUNCTION = YES;
				GCC_WARN_UNUSED_VARIABLE = YES;
				IPHONEOS_DEPLOYMENT_TARGET = 10.0;
				MTL_ENABLE_DEBUG_INFO = NO;
				MTL_FAST_MATH = YES;
				SDKROOT = iphoneos;
				VALIDATE_PRODUCT = YES;
			};
			name = Release;
		};
		DAD8762926523AD400B85AE6 /* Debug */ = {
			isa = XCBuildConfiguration;
			baseConfigurationReference = B1353B7CB5BB2B4E582BB1DE /* Pods-app.debug.xcconfig */;
			buildSettings = {
				ASSETCATALOG_COMPILER_APPICON_NAME = AppIcon;
				ASSETCATALOG_COMPILER_GLOBAL_ACCENT_COLOR_NAME = AccentColor;
				CODE_SIGN_IDENTITY = "iPhone Developer";
				CODE_SIGN_STYLE = Manual;
				DEVELOPMENT_TEAM = N7NDX66U89;
				ENABLE_BITCODE = NO;
				INFOPLIST_FILE = app/Info.plist;
				LD_RUNPATH_SEARCH_PATHS = (
					"$(inherited)",
					"@executable_path/Frameworks",
				);
				PRODUCT_BUNDLE_IDENTIFIER = com.xgen.app;
				PRODUCT_NAME = "$(TARGET_NAME)";
				PROVISIONING_PROFILE_SPECIFIER = XCWildcard;
				TARGETED_DEVICE_FAMILY = "1,2";
			};
			name = Debug;
		};
		DAD8762A26523AD400B85AE6 /* Release */ = {
			isa = XCBuildConfiguration;
			baseConfigurationReference = F1D558B41F10FFD6CF0C027A /* Pods-app.release.xcconfig */;
			buildSettings = {
				ASSETCATALOG_COMPILER_APPICON_NAME = AppIcon;
				ASSETCATALOG_COMPILER_GLOBAL_ACCENT_COLOR_NAME = AccentColor;
				CODE_SIGN_IDENTITY = "iPhone Developer";
				CODE_SIGN_STYLE = Manual;
				DEVELOPMENT_TEAM = N7NDX66U89;
				ENABLE_BITCODE = NO;
				INFOPLIST_FILE = app/Info.plist;
				LD_RUNPATH_SEARCH_PATHS = (
					"$(inherited)",
					"@executable_path/Frameworks",
				);
				PRODUCT_BUNDLE_IDENTIFIER = com.xgen.app;
				PRODUCT_NAME = "$(TARGET_NAME)";
				PROVISIONING_PROFILE_SPECIFIER = XCWildcard;
				TARGETED_DEVICE_FAMILY = "1,2";
			};
			name = Release;
		};
/* End XCBuildConfiguration section */

/* Begin XCConfigurationList section */
		DAD8760A26523AD200B85AE6 /* Build configuration list for PBXProject "app" */ = {
			isa = XCConfigurationList;
			buildConfigurations = (
				DAD8762626523AD400B85AE6 /* Debug */,
				DAD8762726523AD400B85AE6 /* Release */,
			);
			defaultConfigurationIsVisible = 0;
			defaultConfigurationName = Release;
		};
		DAD8762826523AD400B85AE6 /* Build configuration list for PBXNativeTarget "app" */ = {
			isa = XCConfigurationList;
			buildConfigurations = (
				DAD8762926523AD400B85AE6 /* Debug */,
				DAD8762A26523AD400B85AE6 /* Release */,
			);
			defaultConfigurationIsVisible = 0;
			defaultConfigurationName = Release;
		};
/* End XCConfigurationList section */
	};
	rootObject = DAD8760726523AD200B85AE6 /* Project object */;
}
